
Microsoft Visual Studio Solution File, Format Version 12.00
# Visual Studio 14
VisualStudioVersion = 14.0.25420.1
MinimumVisualStudioVersion = 10.0.40219.1
Project("{FAE04EC0-301F-11D3-BF4B-00C04F79EFBC}") = "Practica.StudentsOrganizer.View", "Practica.StudentsOrganizer.View\Practica.StudentsOrganizer.View.csproj", "{D065E69B-B469-4CEE-B0EB-0B6C4D001A43}"
EndProject
Project("{FAE04EC0-301F-11D3-BF4B-00C04F79EFBC}") = "Practica.StudentsOrganizer.Model", "Practica.StudentsOrganizer.Model\Practica.StudentsOrganizer.Model.csproj", "{6599E76F-01BA-4BD5-A776-DFE7CC07AD4F}"
EndProject
Project("{FAE04EC0-301F-11D3-BF4B-00C04F79EFBC}") = "Practica.StudentOrganizer.Controller", "Practica.StudentOrganizer.Controller\Practica.StudentOrganizer.Controller.csproj", "{5815D96F-145E-484F-B58F-9581CF6482AC}"
EndProject
Global
	GlobalSection(SolutionConfigurationPlatforms) = preSolution
		Debug|Any CPU = Debug|Any CPU
		Release|Any CPU = Release|Any CPU
	EndGlobalSection
	GlobalSection(ProjectConfigurationPlatforms) = postSolution
		{D065E69B-B469-4CEE-B0EB-0B6C4D001A43}.Debug|Any CPU.ActiveCfg = Debug|Any CPU
		{D065E69B-B469-4CEE-B0EB-0B6C4D001A43}.Debug|Any CPU.Build.0 = Debug|Any CPU
		{D065E69B-B469-4CEE-B0EB-0B6C4D001A43}.Release|Any CPU.ActiveCfg = Release|Any CPU
		{D065E69B-B469-4CEE-B0EB-0B6C4D001A43}.Release|Any CPU.Build.0 = Release|Any CPU
		{6599E76F-01BA-4BD5-A776-DFE7CC07AD4F}.Debug|Any CPU.ActiveCfg = Debug|Any CPU
		{6599E76F-01BA-4BD5-A776-DFE7CC07AD4F}.Debug|Any CPU.Build.0 = Debug|Any CPU
		{6599E76F-01BA-4BD5-A776-DFE7CC07AD4F}.Release|Any CPU.ActiveCfg = Release|Any CPU
		{6599E76F-01BA-4BD5-A776-DFE7CC07AD4F}.Release|Any CPU.Build.0 = Release|Any CPU
		{5815D96F-145E-484F-B58F-9581CF6482AC}.Debug|Any CPU.ActiveCfg = Debug|Any CPU
		{5815D96F-145E-484F-B58F-9581CF6482AC}.Debug|Any CPU.Build.0 = Debug|Any CPU
		{5815D96F-145E-484F-B58F-9581CF6482AC}.Release|Any CPU.ActiveCfg = Release|Any CPU
		{5815D96F-145E-484F-B58F-9581CF6482AC}.Release|Any CPU.Build.0 = Release|Any CPU
	EndGlobalSection
	GlobalSection(SolutionProperties) = preSolution
		HideSolutionNode = FALSE
	EndGlobalSection
EndGlobal
